{
    "_readme": [
        "This file locks the dependencies of your project to a known state",
        "Read more about it at http://getcomposer.org/doc/01-basic-usage.md#composer-lock-the-lock-file",
        "This file is @generated automatically"
    ],
    "hash": "3be340010d8a7b9549bec0d205dd5702",
    "packages": [
        {
            "name": "paquettg/string-encode",
            "version": "0.1.0",
            "source": {
                "type": "git",
                "url": "https://github.com/paquettg/string-encoder.git",
                "reference": "f0e6ae7e974287e28fcb6e4e70cd9231a3b62b62"
            },
            "dist": {
                "type": "zip",
                "url": "https://api.github.com/repos/paquettg/string-encoder/zipball/f0e6ae7e974287e28fcb6e4e70cd9231a3b62b62",
                "reference": "f0e6ae7e974287e28fcb6e4e70cd9231a3b62b62",
                "shasum": ""
            },
            "require": {
                "php": ">=5.4"
            },
            "require-dev": {
                "phpunit/phpunit": "3.7.*"
            },
            "type": "library",
            "autoload": {
                "psr-0": {
                    "stringEncode": "src/"
                }
            },
            "notification-url": "https://packagist.org/downloads/",
            "license": [
                "MIT"
            ],
            "authors": [
                {
                    "name": "Gilles Paquette",
                    "email": "paquettg@gmail.com",
                    "homepage": "http://gillespaquette.ca"
                }
            ],
            "description": "Facilitating the process of altering string encoding in PHP.",
            "homepage": "https://github.com/paquettg/string-encoder",
            "keywords": [
                "charset",
                "encoding",
                "string"
            ],
            "time": "2013-12-13 15:26:20"
        },
        {
            "name": "psr/log",
            "version": "dev-master",
            "source": {
                "type": "git",
                "url": "https://github.com/php-fig/log.git",
                "reference": "bf2c13de4300e227d7b2fd08027673a79c519987"
            },
            "dist": {
                "type": "zip",
                "url": "https://api.github.com/repos/php-fig/log/zipball/bf2c13de4300e227d7b2fd08027673a79c519987",
                "reference": "bf2c13de4300e227d7b2fd08027673a79c519987",
                "shasum": ""
            },
            "type": "library",
            "extra": {
                "branch-alias": {
                    "dev-master": "1.0.x-dev"
                }
            },
            "autoload": {
                "psr-4": {
                    "Psr\\Log\\": "Psr/Log/"
                }
            },
            "notification-url": "https://packagist.org/downloads/",
            "license": [
                "MIT"
            ],
            "authors": [
                {
                    "name": "PHP-FIG",
                    "homepage": "http://www.php-fig.org/"
                }
            ],
            "description": "Common interface for logging libraries",
            "keywords": [
                "log",
                "psr",
                "psr-3"
            ],
            "time": "2015-03-26 14:39:45"
        },
        {
            "name": "react/event-loop",
            "version": "v0.4.1",
            "source": {
                "type": "git",
                "url": "https://github.com/reactphp/event-loop.git",
                "reference": "18c5297087ca01de85518e2b55078f444144aa1b"
            },
            "dist": {
                "type": "zip",
                "url": "https://api.github.com/repos/reactphp/event-loop/zipball/18c5297087ca01de85518e2b55078f444144aa1b",
                "reference": "18c5297087ca01de85518e2b55078f444144aa1b",
                "shasum": ""
            },
            "require": {
                "php": ">=5.4.0"
            },
            "suggest": {
                "ext-event": "~1.0",
                "ext-libev": "*",
                "ext-libevent": ">=0.1.0"
            },
            "type": "library",
            "extra": {
                "branch-alias": {
                    "dev-master": "0.4-dev"
                }
            },
            "autoload": {
                "psr-4": {
                    "React\\EventLoop\\": ""
                }
            },
            "notification-url": "https://packagist.org/downloads/",
            "license": [
                "MIT"
            ],
            "description": "Event loop abstraction layer that libraries can use for evented I/O.",
            "keywords": [
                "event-loop"
            ],
            "time": "2014-02-26 17:36:58"
        },
        {
            "name": "sinergi/gearman",
            "version": "dev-master",
            "source": {
                "type": "git",
                "url": "https://github.com/sinergi/gearman.git",
                "reference": "72e9acbd38a8a389142a0ab0a9021272c7ffa5f1"
            },
            "dist": {
                "type": "zip",
                "url": "https://api.github.com/repos/sinergi/gearman/zipball/72e9acbd38a8a389142a0ab0a9021272c7ffa5f1",
                "reference": "72e9acbd38a8a389142a0ab0a9021272c7ffa5f1",
                "shasum": ""
            },
            "require": {
                "php": ">=5.4.0",
                "psr/log": "~1",
                "react/event-loop": "0.4.*",
                "symfony/console": "2.*"
            },
            "require-dev": {
                "phpunit/phpunit": "~4"
            },
            "suggest": {
                "ext-gearman": "This library needs Gearman"
            },
            "bin": [
                "bin/gearman",
                "bin/gearman.php"
            ],
            "type": "library",
            "autoload": {
                "psr-4": {
                    "Sinergi\\Gearman\\": "src/Gearman"
                }
            },
            "notification-url": "https://packagist.org/downloads/",
            "license": [
                "MIT"
            ],
            "authors": [
                {
                    "name": "Gabriel Bull",
                    "email": "me@gabrielbull.com"
                }
            ],
            "description": "PHP library for dispatching, handling and managing Gearman Workers",
            "homepage": "https://github.com/sinergi/gearman",
            "keywords": [
                "Tasks",
                "daemon",
                "gearman",
                "jobs",
                "workers"
            ],
            "time": "2015-04-15 01:40:58"
        },
        {
            "name": "symfony/console",
            "version": "2.8.x-dev",
            "source": {
                "type": "git",
                "url": "https://github.com/symfony/Console.git",
                "reference": "36194c12ded9b0dc2b5d719ad626257b5bbc2d96"
            },
            "dist": {
                "type": "zip",
                "url": "https://api.github.com/repos/symfony/Console/zipball/36194c12ded9b0dc2b5d719ad626257b5bbc2d96",
                "reference": "36194c12ded9b0dc2b5d719ad626257b5bbc2d96",
                "shasum": ""
            },
            "require": {
                "php": ">=5.3.9"
            },
            "require-dev": {
                "psr/log": "~1.0",
                "symfony/event-dispatcher": "~2.1|~3.0.0",
                "symfony/phpunit-bridge": "~2.7|~3.0.0",
                "symfony/process": "~2.1|~3.0.0"
            },
            "suggest": {
                "psr/log": "For using the console logger",
                "symfony/event-dispatcher": "",
                "symfony/process": ""
            },
            "type": "library",
            "extra": {
                "branch-alias": {
                    "dev-master": "2.8-dev"
                }
            },
            "autoload": {
                "psr-4": {
                    "Symfony\\Component\\Console\\": ""
                }
            },
            "notification-url": "https://packagist.org/downloads/",
            "license": [
                "MIT"
            ],
            "authors": [
                {
                    "name": "Symfony Community",
                    "homepage": "http://symfony.com/contributors"
                },
                {
                    "name": "Fabien Potencier",
                    "email": "fabien@symfony.com"
                }
            ],
            "description": "Symfony Console Component",
            "homepage": "http://symfony.com",
            "time": "2015-04-24 07:03:44"
        },
        {
            "name": "tegansnyder/curl",
            "version": "dev-tegan",
            "source": {
                "type": "git",
                "url": "https://github.com/tegansnyder/curl",
                "reference": "e7d544387b0c8998009f4a3b9dab560d27a8a66c"
            },
            "require": {
                "php": ">=5.3.0"
            },
            "require-dev": {
                "phpunit/phpunit": "4.3.*"
            },
            "type": "library",
            "autoload": {
                "psr-0": {
                    "veqryn\\Curl": "lib/"
                }
            },
            "license": [
                "MIT"
            ],
            "authors": [
                {
                    "name": "Sean Huber",
                    "email": "shuber@huberry.com",
                    "homepage": "https://github.com/shuber"
                },
                {
                    "name": "Hugo Chinchilla Carbonell",
                    "email": "hugo@bulma.net",
                    "homepage": "https://github.com/hugochinchilla"
                },
                {
                    "name": "Robert Hamstar",
                    "email": "hamstar@telescum.co.nz",
                    "homepage": "https://github.com/hamstar"
                },
                {
                    "name": "Chris Duncan",
                    "email": "VEQRYN@hotmail.com",
                    "homepage": "https://github.com/veqryn"
                },
                {
                    "name": "Tegan Snyder",
                    "email": "tsnyder@tegdesign.com",
                    "homepage": "https://github.com/tegansnyder"
                }
            ],
            "description": "PHP Wrapper for Curl",
            "homepage": "https://github.com/veqryn/curl",
            "keywords": [
                "bot",
                "curl",
                "php",
                "scraper",
                "spider",
                "wrapper"
            ],
            "time": "2015-04-21 16:22:04"
        },
        {
            "name": "tegansnyder/php-html-parser",
            "version": "dev-tegan",
            "source": {
                "type": "git",
                "url": "https://github.com/tegansnyder/php-html-parser",
                "reference": "4cee7c66cf5461870927a90993cab7afbb17f734"
            },
            "require": {
                "paquettg/string-encode": "0.1.0",
                "php": ">=5.4"
            },
            "require-dev": {
                "mockery/mockery": "0.9.*",
                "phpunit/phpunit": "4.4.*",
                "satooshi/php-coveralls": "0.6.*"
            },
            "type": "library",
            "autoload": {
                "psr-0": {
                    "PHPHtmlParser": "src/"
                }
            },
            "license": [
                "MIT"
            ],
            "authors": [
                {
                    "name": "Gilles Paquette",
                    "email": "paquettg@gmail.com",
                    "homepage": "http://gillespaquette.ca"
                },
                {
                    "name": "Tegan Snyder",
                    "email": "tsnyder@tegdesign.com",
                    "homepage": "http://www.tegdesign.com"
                }
            ],
            "description": "An HTML DOM parser. It allows you to manipulate HTML. Find tags on an HTML page with selectors just like jQuery.",
            "homepage": "https://github.com/tegansnyder/php-html-parser",
            "keywords": [
                "dom",
                "html",
                "parser"
            ],
            "time": "2015-04-21 16:24:53"
        }
    ],
    "packages-dev": [],
    "aliases": [],
    "minimum-stability": "dev",
    "stability-flags": {
        "tegansnyder/curl": 20,
        "tegansnyder/php-html-parser": 20,
        "sinergi/gearman": 20
    },
    "prefer-stable": false,
    "prefer-lowest": false,
    "platform": [],
    "platform-dev": []
}
